
Microsoft Visual Studio Solution File, Format Version 12.00
# Visual Studio Version 17
VisualStudioVersion = 17.12.35506.116 d17.12
MinimumVisualStudioVersion = 10.0.40219.1
Project("{FAE04EC0-301F-11D3-BF4B-00C04F79EFBC}") = "Clean Architecture", "Clean Architecture\Clean Architecture.csproj", "{492C9F77-7ACF-4677-93D0-58C565058F71}"
EndProject
Project("{FAE04EC0-301F-11D3-BF4B-00C04F79EFBC}") = "Domain", "Domain\Domain.csproj", "{F289488A-1067-4862-A229-B6DB1D227726}"
EndProject
Project("{FAE04EC0-301F-11D3-BF4B-00C04F79EFBC}") = "Application", "Application\Application.csproj", "{C5F43B73-78A2-4624-BEE2-9360A6A786F9}"
EndProject
Project("{FAE04EC0-301F-11D3-BF4B-00C04F79EFBC}") = "Infrastructure", "Infrastructure\Infrastructure.csproj", "{DCB85FEF-2A3B-42E0-B466-213F809EBB67}"
EndProject
Project("{FAE04EC0-301F-11D3-BF4B-00C04F79EFBC}") = "Presentation", "Presentation\Presentation.csproj", "{767BCFE0-B015-4F2F-8AEE-6C536833E824}"
EndProject
Global
	GlobalSection(SolutionConfigurationPlatforms) = preSolution
		Debug|Any CPU = Debug|Any CPU
		Release|Any CPU = Release|Any CPU
	EndGlobalSection
	GlobalSection(ProjectConfigurationPlatforms) = postSolution
		{492C9F77-7ACF-4677-93D0-58C565058F71}.Debug|Any CPU.ActiveCfg = Debug|Any CPU
		{492C9F77-7ACF-4677-93D0-58C565058F71}.Debug|Any CPU.Build.0 = Debug|Any CPU
		{492C9F77-7ACF-4677-93D0-58C565058F71}.Release|Any CPU.ActiveCfg = Release|Any CPU
		{492C9F77-7ACF-4677-93D0-58C565058F71}.Release|Any CPU.Build.0 = Release|Any CPU
		{F289488A-1067-4862-A229-B6DB1D227726}.Debug|Any CPU.ActiveCfg = Debug|Any CPU
		{F289488A-1067-4862-A229-B6DB1D227726}.Debug|Any CPU.Build.0 = Debug|Any CPU
		{F289488A-1067-4862-A229-B6DB1D227726}.Release|Any CPU.ActiveCfg = Release|Any CPU
		{F289488A-1067-4862-A229-B6DB1D227726}.Release|Any CPU.Build.0 = Release|Any CPU
		{C5F43B73-78A2-4624-BEE2-9360A6A786F9}.Debug|Any CPU.ActiveCfg = Debug|Any CPU
		{C5F43B73-78A2-4624-BEE2-9360A6A786F9}.Debug|Any CPU.Build.0 = Debug|Any CPU
		{C5F43B73-78A2-4624-BEE2-9360A6A786F9}.Release|Any CPU.ActiveCfg = Release|Any CPU
		{C5F43B73-78A2-4624-BEE2-9360A6A786F9}.Release|Any CPU.Build.0 = Release|Any CPU
		{DCB85FEF-2A3B-42E0-B466-213F809EBB67}.Debug|Any CPU.ActiveCfg = Debug|Any CPU
		{DCB85FEF-2A3B-42E0-B466-213F809EBB67}.Debug|Any CPU.Build.0 = Debug|Any CPU
		{DCB85FEF-2A3B-42E0-B466-213F809EBB67}.Release|Any CPU.ActiveCfg = Release|Any CPU
		{DCB85FEF-2A3B-42E0-B466-213F809EBB67}.Release|Any CPU.Build.0 = Release|Any CPU
		{767BCFE0-B015-4F2F-8AEE-6C536833E824}.Debug|Any CPU.ActiveCfg = Debug|Any CPU
		{767BCFE0-B015-4F2F-8AEE-6C536833E824}.Debug|Any CPU.Build.0 = Debug|Any CPU
		{767BCFE0-B015-4F2F-8AEE-6C536833E824}.Release|Any CPU.ActiveCfg = Release|Any CPU
		{767BCFE0-B015-4F2F-8AEE-6C536833E824}.Release|Any CPU.Build.0 = Release|Any CPU
	EndGlobalSection
	GlobalSection(SolutionProperties) = preSolution
		HideSolutionNode = FALSE
	EndGlobalSection
EndGlobal
